
Microsoft Visual Studio Solution File, Format Version 12.00
# Visual Studio Version 17
VisualStudioVersion = 17.2.32526.322
MinimumVisualStudioVersion = 10.0.40219.1
Project("{FAE04EC0-301F-11D3-BF4B-00C04F79EFBC}") = "AddressBookLinqProgram", "AddressBookLinqProgram\AddressBookLinqProgram.csproj", "{D6E09D54-AE6F-4676-88F6-BA2B70885BAA}"
EndProject
Global
	GlobalSection(SolutionConfigurationPlatforms) = preSolution
		Debug|Any CPU = Debug|Any CPU
		Release|Any CPU = Release|Any CPU
	EndGlobalSection
	GlobalSection(ProjectConfigurationPlatforms) = postSolution
		{D6E09D54-AE6F-4676-88F6-BA2B70885BAA}.Debug|Any CPU.ActiveCfg = Debug|Any CPU
		{D6E09D54-AE6F-4676-88F6-BA2B70885BAA}.Debug|Any CPU.Build.0 = Debug|Any CPU
		{D6E09D54-AE6F-4676-88F6-BA2B70885BAA}.Release|Any CPU.ActiveCfg = Release|Any CPU
		{D6E09D54-AE6F-4676-88F6-BA2B70885BAA}.Release|Any CPU.Build.0 = Release|Any CPU
	EndGlobalSection
	GlobalSection(SolutionProperties) = preSolution
		HideSolutionNode = FALSE
	EndGlobalSection
	GlobalSection(ExtensibilityGlobals) = postSolution
		SolutionGuid = {6EA5A354-18AD-4968-8B38-9A81155D767C}
	EndGlobalSection
EndGlobal
